
Microsoft Visual Studio Solution File, Format Version 12.00
# Visual Studio Version 17
VisualStudioVersion = 17.5.33424.131
MinimumVisualStudioVersion = 10.0.40219.1
Project("{FAE04EC0-301F-11D3-BF4B-00C04F79EFBC}") = "Pharmacy System", "Pharmacy System\Pharmacy System.csproj", "{37A26DC9-755C-4D4E-83D0-DB8ED865DF46}"
EndProject
Global
	GlobalSection(SolutionConfigurationPlatforms) = preSolution
		Debug|Any CPU = Debug|Any CPU
		Release|Any CPU = Release|Any CPU
	EndGlobalSection
	GlobalSection(ProjectConfigurationPlatforms) = postSolution
		{37A26DC9-755C-4D4E-83D0-DB8ED865DF46}.Debug|Any CPU.ActiveCfg = Debug|Any CPU
		{37A26DC9-755C-4D4E-83D0-DB8ED865DF46}.Debug|Any CPU.Build.0 = Debug|Any CPU
		{37A26DC9-755C-4D4E-83D0-DB8ED865DF46}.Release|Any CPU.ActiveCfg = Release|Any CPU
		{37A26DC9-755C-4D4E-83D0-DB8ED865DF46}.Release|Any CPU.Build.0 = Release|Any CPU
	EndGlobalSection
	GlobalSection(SolutionProperties) = preSolution
		HideSolutionNode = FALSE
	EndGlobalSection
	GlobalSection(ExtensibilityGlobals) = postSolution
		SolutionGuid = {5EE0358A-3D1D-4FDE-9F93-161BC273AF07}
	EndGlobalSection
EndGlobal
